<?xml version="1.0" encoding="utf-8"?>
<Project ToolsVersion="4.0" xmlns="http://schemas.microsoft.com/developer/msbuild/2003">
  <ItemGroup>
    <Filter Include="Resource Files">
      <UniqueIdentifier>{67DA6AB6-F800-4c08-8B7A-83BB121AAD01}</UniqueIdentifier>
      <Extensions>rc;ico;cur;bmp;dlg;rc2;rct;bin;rgs;gif;jpg;jpeg;jpe;resx;tiff;tif;png;wav;mfcribbon-ms</Extensions>
    </Filter>
    <Filter Include="source">
      <UniqueIdentifier>{ad77ebbb-d803-4f62-a936-8978e2b38d20}</UniqueIdentifier>
    </Filter>
    <Filter Include="source\Game">
      <UniqueIdentifier>{dcd8ddc2-fb5e-4eb9-8e7f-d79aecc120a7}</UniqueIdentifier>
    </Filter>
    <Filter Include="source\Input">
      <UniqueIdentifier>{5c6b1380-1333-4c4d-bbd8-dc841c925924}</UniqueIdentifier>
    </Filter>
    <Filter Include="source\Interaction">
      <UniqueIdentifier>{0fc0eb05-a2ad-43f7-a796-3d0df5399816}</UniqueIdentifier>
    </Filter>
    <Filter Include="source\Rendering">
      <UniqueIdentifier>{3f1ec6a3-6599-49f3-9509-c934ab283f64}</UniqueIdentifier>
    </Filter>
    <Filter Include="source\Util">
      <UniqueIdentifier>{1846b341-9a6e-468d-9627-3477a1c34c19}</UniqueIdentifier>
    </Filter>
  </ItemGroup>
  <ItemGroup>
    <ClCompile Include="pch.cpp" />
    <ClCompile Include="source\Game\DebugComponent.cpp">
      <Filter>source\Game</Filter>
    </ClCompile>
    <ClCompile Include="source\Game\Program.cpp">
      <Filter>source\Game</Filter>
    </ClCompile>
    <ClCompile Include="source\Game\SnookerCam.cpp">
      <Filter>source\Game</Filter>
    </ClCompile>
    <ClCompile Include="source\Game\TableConstrainer.cpp">
      <Filter>source\Game</Filter>
    </ClCompile>
    <ClCompile Include="source\Application.cpp">
      <Filter>source</Filter>
    </ClCompile>
    <ClCompile Include="source\BoundBox3D.cpp">
      <Filter>source</Filter>
    </ClCompile>
    <ClCompile Include="source\BoxCollider3D.cpp">
      <Filter>source</Filter>
    </ClCompile>
    <ClCompile Include="source\Camera.cpp">
      <Filter>source</Filter>
    </ClCompile>
    <ClCompile Include="source\Collider3D.cpp">
      <Filter>source</Filter>
    </ClCompile>
    <ClCompile Include="source\CollisionControl3D.cpp">
      <Filter>source</Filter>
    </ClCompile>
    <ClCompile Include="source\Component.cpp">
      <Filter>source</Filter>
    </ClCompile>
    <ClCompile Include="source\GameObject.cpp">
      <Filter>source</Filter>
    </ClCompile>
    <ClCompile Include="source\Input.cpp">
      <Filter>source</Filter>
    </ClCompile>
    <ClCompile Include="source\Input_SDL.cpp">
      <Filter>source</Filter>
    </ClCompile>
    <ClCompile Include="source\Light.cpp">
      <Filter>source</Filter>
    </ClCompile>
    <ClCompile Include="source\Main.cpp">
      <Filter>source</Filter>
    </ClCompile>
    <ClCompile Include="source\Mesh.cpp">
      <Filter>source</Filter>
    </ClCompile>
    <ClCompile Include="source\MeshCollider.cpp">
      <Filter>source</Filter>
    </ClCompile>
    <ClCompile Include="source\MeshLoader.cpp">
      <Filter>source</Filter>
    </ClCompile>
    <ClCompile Include="source\MeshRenderer.cpp">
      <Filter>source</Filter>
    </ClCompile>
    <ClCompile Include="source\Object.cpp">
      <Filter>source</Filter>
    </ClCompile>
    <ClCompile Include="source\Renderer.cpp">
      <Filter>source</Filter>
    </ClCompile>
    <ClCompile Include="source\Renderer_SDL.cpp">
      <Filter>source</Filter>
    </ClCompile>
    <ClCompile Include="source\RendererFactory.cpp">
      <Filter>source</Filter>
    </ClCompile>
    <ClCompile Include="source\RigidBody3D.cpp">
      <Filter>source</Filter>
    </ClCompile>
    <ClCompile Include="source\SphereCollider.cpp">
      <Filter>source</Filter>
    </ClCompile>
    <ClCompile Include="source\Transform.cpp">
      <Filter>source</Filter>
    </ClCompile>
    <ClCompile Include="source\WindowEvent_SDL.cpp">
      <Filter>source</Filter>
    </ClCompile>
  </ItemGroup>
  <ItemGroup>
    <ClInclude Include="pch.h" />
    <ClInclude Include="source\Game\DebugComponent.h">
      <Filter>source\Game</Filter>
    </ClInclude>
    <ClInclude Include="source\Game\Program.h">
      <Filter>source\Game</Filter>
    </ClInclude>
    <ClInclude Include="source\Game\SnookerCam.h">
      <Filter>source\Game</Filter>
    </ClInclude>
    <ClInclude Include="source\Game\TableConstrainer.h">
      <Filter>source\Game</Filter>
    </ClInclude>
    <ClInclude Include="headers\Application.h">
      <Filter>source</Filter>
    </ClInclude>
    <ClInclude Include="headers\BoundBox3D.h">
      <Filter>source</Filter>
    </ClInclude>
    <ClInclude Include="headers\BoxCollider3D.h">
      <Filter>source</Filter>
    </ClInclude>
    <ClInclude Include="headers\Camera.h">
      <Filter>source</Filter>
    </ClInclude>
    <ClInclude Include="headers\Collider3D.h">
      <Filter>source</Filter>
    </ClInclude>
    <ClInclude Include="headers\Collision3D.h">
      <Filter>source</Filter>
    </ClInclude>
    <ClInclude Include="headers\CollisionControl3D.h">
      <Filter>source</Filter>
    </ClInclude>
    <ClInclude Include="headers\Component.h">
      <Filter>source</Filter>
    </ClInclude>
    <ClInclude Include="headers\CSEngine.h">
      <Filter>source</Filter>
    </ClInclude>
    <ClInclude Include="headers\CSEngine_Common.h">
      <Filter>source</Filter>
    </ClInclude>
    <ClInclude Include="headers\Debug.h">
      <Filter>source</Filter>
    </ClInclude>
    <ClInclude Include="headers\GameObject.h">
      <Filter>source</Filter>
    </ClInclude>
    <ClInclude Include="headers\Input.h">
      <Filter>source</Filter>
    </ClInclude>
    <ClInclude Include="headers\Input_SDL.h">
      <Filter>source</Filter>
    </ClInclude>
    <ClInclude Include="headers\KeyCode_SDL.h">
      <Filter>source</Filter>
    </ClInclude>
    <ClInclude Include="headers\Light.h">
      <Filter>source</Filter>
    </ClInclude>
    <ClInclude Include="headers\mathutil.h">
      <Filter>source</Filter>
    </ClInclude>
    <ClInclude Include="headers\Mesh.h">
      <Filter>source</Filter>
    </ClInclude>
    <ClInclude Include="headers\MeshCollider.h">
      <Filter>source</Filter>
    </ClInclude>
    <ClInclude Include="headers\MeshLoader.h">
      <Filter>source</Filter>
    </ClInclude>
    <ClInclude Include="headers\MeshRenderer.h">
      <Filter>source</Filter>
    </ClInclude>
    <ClInclude Include="headers\Object.h">
      <Filter>source</Filter>
    </ClInclude>
    <ClInclude Include="headers\Renderer.h">
      <Filter>source</Filter>
    </ClInclude>
    <ClInclude Include="headers\Renderer_SDL.h">
      <Filter>source</Filter>
    </ClInclude>
    <ClInclude Include="headers\RigidBody3D.h">
      <Filter>source</Filter>
    </ClInclude>
    <ClInclude Include="headers\SphereCollider.h">
      <Filter>source</Filter>
    </ClInclude>
    <ClInclude Include="headers\Transform.h">
      <Filter>source</Filter>
    </ClInclude>
    <ClInclude Include="headers\WindowEvent.h">
      <Filter>source</Filter>
    </ClInclude>
    <ClInclude Include="headers\WindowEvent_SDL.h">
      <Filter>source</Filter>
    </ClInclude>
  </ItemGroup>
</Project>