<?xml version="1.0" encoding="utf-8"?>
<Project ToolsVersion="4.0" xmlns="http://schemas.microsoft.com/developer/msbuild/2003">
  <ItemGroup>
    <Filter Include="Resource Files">
      <UniqueIdentifier>{67DA6AB6-F800-4c08-8B7A-83BB121AAD01}</UniqueIdentifier>
      <Extensions>rc;ico;cur;bmp;dlg;rc2;rct;bin;rgs;gif;jpg;jpeg;jpe;resx;tiff;tif;png;wav;mfcribbon-ms</Extensions>
    </Filter>
    <Filter Include="src">
      <UniqueIdentifier>{ad77ebbb-d803-4f62-a936-8978e2b38d20}</UniqueIdentifier>
    </Filter>
    <Filter Include="src\Game">
      <UniqueIdentifier>{0070b7ea-5217-4b55-8726-3c97ba20e73d}</UniqueIdentifier>
    </Filter>
    <Filter Include="src\Input">
      <UniqueIdentifier>{74d50199-ec56-48cc-8560-4d8dddbca9e9}</UniqueIdentifier>
    </Filter>
    <Filter Include="src\Interaction">
      <UniqueIdentifier>{0d637464-7136-4b4d-95f6-8eb4b0752dd7}</UniqueIdentifier>
    </Filter>
    <Filter Include="src\Rendering">
      <UniqueIdentifier>{de928585-33eb-415d-97a1-7ff073bacdee}</UniqueIdentifier>
    </Filter>
    <Filter Include="src\Util">
      <UniqueIdentifier>{eb22b90d-928a-42ac-9650-2df60e397600}</UniqueIdentifier>
    </Filter>
  </ItemGroup>
  <ItemGroup>
    <ClCompile Include="pch.cpp" />
    <ClCompile Include="src\game\DebugComponent.cpp">
      <Filter>src\Game</Filter>
    </ClCompile>
    <ClCompile Include="src\game\Program.cpp">
      <Filter>src\Game</Filter>
    </ClCompile>
    <ClCompile Include="src\game\SnookerCam.cpp">
      <Filter>src\Game</Filter>
    </ClCompile>
    <ClCompile Include="src\game\TableConstrainer.cpp">
      <Filter>src\Game</Filter>
    </ClCompile>
    <ClCompile Include="src\Input\Input.cpp">
      <Filter>src\Input</Filter>
    </ClCompile>
    <ClCompile Include="src\input\Input_SDL.cpp">
      <Filter>src\Input</Filter>
    </ClCompile>
    <ClCompile Include="src\input\WindowEvent_SDL.cpp">
      <Filter>src\Input</Filter>
    </ClCompile>
    <ClCompile Include="src\Interaction\BoundBox3D.cpp">
      <Filter>src\Interaction</Filter>
    </ClCompile>
    <ClCompile Include="src\Interaction\BoxCollider3D.cpp">
      <Filter>src\Interaction</Filter>
    </ClCompile>
    <ClCompile Include="src\Interaction\Collider3D.cpp">
      <Filter>src\Interaction</Filter>
    </ClCompile>
    <ClCompile Include="src\Interaction\CollisionControl3D.cpp">
      <Filter>src\Interaction</Filter>
    </ClCompile>
    <ClCompile Include="src\Interaction\MeshCollider.cpp">
      <Filter>src\Interaction</Filter>
    </ClCompile>
    <ClCompile Include="src\Interaction\RigidBody3D.cpp">
      <Filter>src\Interaction</Filter>
    </ClCompile>
    <ClCompile Include="src\Interaction\SphereCollider.cpp">
      <Filter>src\Interaction</Filter>
    </ClCompile>
    <ClCompile Include="src\Rendering\Camera.cpp">
      <Filter>src\Rendering</Filter>
    </ClCompile>
    <ClCompile Include="src\Rendering\Light.cpp">
      <Filter>src\Rendering</Filter>
    </ClCompile>
    <ClCompile Include="src\Rendering\Mesh.cpp">
      <Filter>src\Rendering</Filter>
    </ClCompile>
    <ClCompile Include="src\Rendering\MeshLoader.cpp">
      <Filter>src\Rendering</Filter>
    </ClCompile>
    <ClCompile Include="src\Rendering\MeshRenderer.cpp">
      <Filter>src\Rendering</Filter>
    </ClCompile>
    <ClCompile Include="src\Rendering\Renderer.cpp">
      <Filter>src\Rendering</Filter>
    </ClCompile>
    <ClCompile Include="src\Rendering\Renderer_SDL.cpp">
      <Filter>src\Rendering</Filter>
    </ClCompile>
    <ClCompile Include="src\Rendering\RendererFactory.cpp">
      <Filter>src\Rendering</Filter>
    </ClCompile>
    <ClCompile Include="src\Application.cpp">
      <Filter>src</Filter>
    </ClCompile>
    <ClCompile Include="src\Component.cpp">
      <Filter>src</Filter>
    </ClCompile>
    <ClCompile Include="src\GameObject.cpp">
      <Filter>src</Filter>
    </ClCompile>
    <ClCompile Include="src\Main.cpp">
      <Filter>src</Filter>
    </ClCompile>
    <ClCompile Include="src\Object.cpp">
      <Filter>src</Filter>
    </ClCompile>
    <ClCompile Include="src\Transform.cpp">
      <Filter>src</Filter>
    </ClCompile>
  </ItemGroup>
  <ItemGroup>
    <ClInclude Include="pch.h" />
    <ClInclude Include="src\util\mathutil.h">
      <Filter>src\Util</Filter>
    </ClInclude>
    <ClInclude Include="src\game\DebugComponent.h">
      <Filter>src\Game</Filter>
    </ClInclude>
    <ClInclude Include="src\game\Program.h">
      <Filter>src\Game</Filter>
    </ClInclude>
    <ClInclude Include="src\game\SnookerCam.h">
      <Filter>src\Game</Filter>
    </ClInclude>
    <ClInclude Include="src\game\TableConstrainer.h">
      <Filter>src\Game</Filter>
    </ClInclude>
    <ClInclude Include="src\Input\Input.h">
      <Filter>src\Input</Filter>
    </ClInclude>
    <ClInclude Include="src\input\Input_SDL.h">
      <Filter>src\Input</Filter>
    </ClInclude>
    <ClInclude Include="src\input\WindowEvent.h">
      <Filter>src\Input</Filter>
    </ClInclude>
    <ClInclude Include="src\input\WindowEvent_SDL.h">
      <Filter>src\Input</Filter>
    </ClInclude>
    <ClInclude Include="src\Interaction\BoundBox3D.h">
      <Filter>src\Interaction</Filter>
    </ClInclude>
    <ClInclude Include="src\Interaction\BoxCollider3D.h">
      <Filter>src\Interaction</Filter>
    </ClInclude>
    <ClInclude Include="src\Interaction\Collider3D.h">
      <Filter>src\Interaction</Filter>
    </ClInclude>
    <ClInclude Include="src\Interaction\Collision3D.h">
      <Filter>src\Interaction</Filter>
    </ClInclude>
    <ClInclude Include="src\Interaction\CollisionControl3D.h">
      <Filter>src\Interaction</Filter>
    </ClInclude>
    <ClInclude Include="src\Interaction\MeshCollider.h">
      <Filter>src\Interaction</Filter>
    </ClInclude>
    <ClInclude Include="src\Interaction\RigidBody3D.h">
      <Filter>src\Interaction</Filter>
    </ClInclude>
    <ClInclude Include="src\Interaction\SphereCollider.h">
      <Filter>src\Interaction</Filter>
    </ClInclude>
    <ClInclude Include="src\Rendering\Camera.h">
      <Filter>src\Rendering</Filter>
    </ClInclude>
    <ClInclude Include="src\Rendering\Light.h">
      <Filter>src\Rendering</Filter>
    </ClInclude>
    <ClInclude Include="src\Rendering\Mesh.h">
      <Filter>src\Rendering</Filter>
    </ClInclude>
    <ClInclude Include="src\Rendering\MeshLoader.h">
      <Filter>src\Rendering</Filter>
    </ClInclude>
    <ClInclude Include="src\Rendering\MeshRenderer.h">
      <Filter>src\Rendering</Filter>
    </ClInclude>
    <ClInclude Include="src\Rendering\Renderer.h">
      <Filter>src\Rendering</Filter>
    </ClInclude>
    <ClInclude Include="src\Rendering\Renderer_SDL.h">
      <Filter>src\Rendering</Filter>
    </ClInclude>
    <ClInclude Include="src\Application.h">
      <Filter>src</Filter>
    </ClInclude>
    <ClInclude Include="src\Component.h">
      <Filter>src</Filter>
    </ClInclude>
    <ClInclude Include="src\Debug.h">
      <Filter>src</Filter>
    </ClInclude>
    <ClInclude Include="src\GameObject.h">
      <Filter>src</Filter>
    </ClInclude>
    <ClInclude Include="src\Object.h">
      <Filter>src</Filter>
    </ClInclude>
    <ClInclude Include="src\Transform.h">
      <Filter>src</Filter>
    </ClInclude>
    <ClInclude Include="CSEngine.h">
      <Filter>src</Filter>
    </ClInclude>
    <ClInclude Include="CSEngine_Common.h">
      <Filter>src</Filter>
    </ClInclude>
    <ClInclude Include="src\Input\KeyCode_SDL.h">
      <Filter>src\Input</Filter>
    </ClInclude>
  </ItemGroup>
</Project>