<?xml version="1.0" encoding="utf-8"?>
<Project ToolsVersion="4.0" xmlns="http://schemas.microsoft.com/developer/msbuild/2003">
  <ItemGroup>
    <Filter Include="Resource Files">
      <UniqueIdentifier>{67DA6AB6-F800-4c08-8B7A-83BB121AAD01}</UniqueIdentifier>
      <Extensions>rc;ico;cur;bmp;dlg;rc2;rct;bin;rgs;gif;jpg;jpeg;jpe;resx;tiff;tif;png;wav;mfcribbon-ms</Extensions>
    </Filter>
    <Filter Include="src">
      <UniqueIdentifier>{ad77ebbb-d803-4f62-a936-8978e2b38d20}</UniqueIdentifier>
    </Filter>
    <Filter Include="src\util">
      <UniqueIdentifier>{eb22b90d-928a-42ac-9650-2df60e397600}</UniqueIdentifier>
    </Filter>
    <Filter Include="src\game">
      <UniqueIdentifier>{0070b7ea-5217-4b55-8726-3c97ba20e73d}</UniqueIdentifier>
    </Filter>
    <Filter Include="src\input">
      <UniqueIdentifier>{74d50199-ec56-48cc-8560-4d8dddbca9e9}</UniqueIdentifier>
    </Filter>
    <Filter Include="src\components">
      <UniqueIdentifier>{e50a6221-7ef4-419d-902f-a2e0ae261efe}</UniqueIdentifier>
    </Filter>
    <Filter Include="src\interaction">
      <UniqueIdentifier>{0d637464-7136-4b4d-95f6-8eb4b0752dd7}</UniqueIdentifier>
    </Filter>
    <Filter Include="src\rendering">
      <UniqueIdentifier>{de928585-33eb-415d-97a1-7ff073bacdee}</UniqueIdentifier>
    </Filter>
  </ItemGroup>
  <ItemGroup>
    <ClCompile Include="pch.cpp" />
    <ClCompile Include="src\Application.cpp">
      <Filter>src</Filter>
    </ClCompile>
    <ClCompile Include="src\GameObject.cpp">
      <Filter>src</Filter>
    </ClCompile>
    <ClCompile Include="src\Main.cpp">
      <Filter>src</Filter>
    </ClCompile>
    <ClCompile Include="src\Object.cpp">
      <Filter>src</Filter>
    </ClCompile>
    <ClCompile Include="src\Transform.cpp">
      <Filter>src</Filter>
    </ClCompile>
    <ClCompile Include="src\game\DebugComponent.cpp">
      <Filter>src\game</Filter>
    </ClCompile>
    <ClCompile Include="src\game\Program.cpp">
      <Filter>src\game</Filter>
    </ClCompile>
    <ClCompile Include="src\game\SnookerCam.cpp">
      <Filter>src\game</Filter>
    </ClCompile>
    <ClCompile Include="src\game\TableConstrainer.cpp">
      <Filter>src\game</Filter>
    </ClCompile>
    <ClCompile Include="src\Input\Input.cpp">
      <Filter>src\input</Filter>
    </ClCompile>
    <ClCompile Include="src\Components\BoxCollider.cpp">
      <Filter>src\components</Filter>
    </ClCompile>
    <ClCompile Include="src\Components\Camera.cpp">
      <Filter>src\components</Filter>
    </ClCompile>
    <ClCompile Include="src\Components\Collider.cpp">
      <Filter>src\components</Filter>
    </ClCompile>
    <ClCompile Include="src\Components\Component.cpp">
      <Filter>src\components</Filter>
    </ClCompile>
    <ClCompile Include="src\Components\MeshCollider.cpp">
      <Filter>src\components</Filter>
    </ClCompile>
    <ClCompile Include="src\Components\MeshRenderer.cpp">
      <Filter>src\components</Filter>
    </ClCompile>
    <ClCompile Include="src\Components\SphereCollider.cpp">
      <Filter>src\components</Filter>
    </ClCompile>
    <ClCompile Include="src\Interaction\BoundBox.cpp">
      <Filter>src\interaction</Filter>
    </ClCompile>
    <ClCompile Include="src\Interaction\CollisionControl.cpp">
      <Filter>src\interaction</Filter>
    </ClCompile>
    <ClCompile Include="src\Interaction\RigidBody.cpp">
      <Filter>src\interaction</Filter>
    </ClCompile>
    <ClCompile Include="src\Rendering\Light.cpp">
      <Filter>src\rendering</Filter>
    </ClCompile>
    <ClCompile Include="src\Rendering\Mesh.cpp">
      <Filter>src\rendering</Filter>
    </ClCompile>
    <ClCompile Include="src\Rendering\MeshLoader.cpp">
      <Filter>src\rendering</Filter>
    </ClCompile>
    <ClCompile Include="src\Rendering\Renderer.cpp">
      <Filter>src\rendering</Filter>
    </ClCompile>
  </ItemGroup>
  <ItemGroup>
    <ClInclude Include="pch.h" />
    <ClInclude Include="src\Application.h">
      <Filter>src</Filter>
    </ClInclude>
    <ClInclude Include="src\GameObject.h">
      <Filter>src</Filter>
    </ClInclude>
    <ClInclude Include="src\Object.h">
      <Filter>src</Filter>
    </ClInclude>
    <ClInclude Include="src\Transform.h">
      <Filter>src</Filter>
    </ClInclude>
    <ClInclude Include="src\util\mathutil.h">
      <Filter>src\util</Filter>
    </ClInclude>
    <ClInclude Include="src\game\DebugComponent.h">
      <Filter>src\game</Filter>
    </ClInclude>
    <ClInclude Include="src\game\Program.h">
      <Filter>src\game</Filter>
    </ClInclude>
    <ClInclude Include="src\game\SnookerCam.h">
      <Filter>src\game</Filter>
    </ClInclude>
    <ClInclude Include="src\game\TableConstrainer.h">
      <Filter>src\game</Filter>
    </ClInclude>
    <ClInclude Include="src\Input\Input.h">
      <Filter>src\input</Filter>
    </ClInclude>
    <ClInclude Include="src\Input\KeyCode.h">
      <Filter>src\input</Filter>
    </ClInclude>
    <ClInclude Include="src\Components\BoxCollider.h">
      <Filter>src\components</Filter>
    </ClInclude>
    <ClInclude Include="src\Components\Camera.h">
      <Filter>src\components</Filter>
    </ClInclude>
    <ClInclude Include="src\Components\Collider.h">
      <Filter>src\components</Filter>
    </ClInclude>
    <ClInclude Include="src\Components\Component.h">
      <Filter>src\components</Filter>
    </ClInclude>
    <ClInclude Include="src\Components\MeshCollider.h">
      <Filter>src\components</Filter>
    </ClInclude>
    <ClInclude Include="src\Components\MeshRenderer.h">
      <Filter>src\components</Filter>
    </ClInclude>
    <ClInclude Include="src\Components\SphereCollider.h">
      <Filter>src\components</Filter>
    </ClInclude>
    <ClInclude Include="src\Interaction\BoundBox.h">
      <Filter>src\interaction</Filter>
    </ClInclude>
    <ClInclude Include="src\Interaction\Collision.h">
      <Filter>src\interaction</Filter>
    </ClInclude>
    <ClInclude Include="src\Interaction\CollisionControl.h">
      <Filter>src\interaction</Filter>
    </ClInclude>
    <ClInclude Include="src\Interaction\RigidBody.h">
      <Filter>src\interaction</Filter>
    </ClInclude>
    <ClInclude Include="src\Rendering\Light.h">
      <Filter>src\rendering</Filter>
    </ClInclude>
    <ClInclude Include="src\Rendering\Mesh.h">
      <Filter>src\rendering</Filter>
    </ClInclude>
    <ClInclude Include="src\Rendering\MeshLoader.h">
      <Filter>src\rendering</Filter>
    </ClInclude>
    <ClInclude Include="src\Rendering\Renderer.h">
      <Filter>src\rendering</Filter>
    </ClInclude>
  </ItemGroup>
</Project>