<?xml version="1.0" encoding="utf-8"?>
<Project ToolsVersion="4.0" xmlns="http://schemas.microsoft.com/developer/msbuild/2003">
  <ItemGroup>
    <Filter Include="Resource Files">
      <UniqueIdentifier>{67DA6AB6-F800-4c08-8B7A-83BB121AAD01}</UniqueIdentifier>
      <Extensions>rc;ico;cur;bmp;dlg;rc2;rct;bin;rgs;gif;jpg;jpeg;jpe;resx;tiff;tif;png;wav;mfcribbon-ms</Extensions>
    </Filter>
    <Filter Include="Source">
      <UniqueIdentifier>{37e229b1-f1d2-463e-8d69-5626886977e7}</UniqueIdentifier>
    </Filter>
    <Filter Include="Include">
      <UniqueIdentifier>{e5232a37-cc4c-4ea4-9c96-472674dda5b0}</UniqueIdentifier>
    </Filter>
    <Filter Include="gamesrcTEMP">
      <UniqueIdentifier>{75cf6c7b-07e9-4436-8c23-d53373be5c6d}</UniqueIdentifier>
    </Filter>
  </ItemGroup>
  <ItemGroup>
    <ClCompile Include="pch.cpp" />
    <ClCompile Include="src\Application.cpp">
      <Filter>Source</Filter>
    </ClCompile>
    <ClCompile Include="src\BoundBox.cpp">
      <Filter>Source</Filter>
    </ClCompile>
    <ClCompile Include="src\BoxCollider.cpp">
      <Filter>Source</Filter>
    </ClCompile>
    <ClCompile Include="src\Camera.cpp">
      <Filter>Source</Filter>
    </ClCompile>
    <ClCompile Include="src\Collider.cpp">
      <Filter>Source</Filter>
    </ClCompile>
    <ClCompile Include="src\CollisionControl.cpp">
      <Filter>Source</Filter>
    </ClCompile>
    <ClCompile Include="src\Component.cpp">
      <Filter>Source</Filter>
    </ClCompile>
    <ClCompile Include="src\DebugComponent.cpp">
      <Filter>Source</Filter>
    </ClCompile>
    <ClCompile Include="src\GameObject.cpp">
      <Filter>Source</Filter>
    </ClCompile>
    <ClCompile Include="src\Input.cpp">
      <Filter>Source</Filter>
    </ClCompile>
    <ClCompile Include="src\Light.cpp">
      <Filter>Source</Filter>
    </ClCompile>
    <ClCompile Include="src\Mesh.cpp">
      <Filter>Source</Filter>
    </ClCompile>
    <ClCompile Include="src\MeshCollider.cpp">
      <Filter>Source</Filter>
    </ClCompile>
    <ClCompile Include="src\MeshLoader.cpp">
      <Filter>Source</Filter>
    </ClCompile>
    <ClCompile Include="src\MeshRenderer.cpp">
      <Filter>Source</Filter>
    </ClCompile>
    <ClCompile Include="src\Object.cpp">
      <Filter>Source</Filter>
    </ClCompile>
    <ClCompile Include="src\Program.cpp">
      <Filter>Source</Filter>
    </ClCompile>
    <ClCompile Include="src\Renderer.cpp">
      <Filter>Source</Filter>
    </ClCompile>
    <ClCompile Include="src\Resource.cpp">
      <Filter>Source</Filter>
    </ClCompile>
    <ClCompile Include="src\RigidBody.cpp">
      <Filter>Source</Filter>
    </ClCompile>
    <ClCompile Include="src\SphereCollider.cpp">
      <Filter>Source</Filter>
    </ClCompile>
    <ClCompile Include="src\Transform.cpp">
      <Filter>Source</Filter>
    </ClCompile>
    <ClCompile Include="gamesrc\DebugComponent.cpp">
      <Filter>gamesrcTEMP</Filter>
    </ClCompile>
    <ClCompile Include="gamesrc\SnookerCam.cpp">
      <Filter>gamesrcTEMP</Filter>
    </ClCompile>
    <ClCompile Include="gamesrc\TableConstrainer.cpp">
      <Filter>gamesrcTEMP</Filter>
    </ClCompile>
    <ClCompile Include="GameEngine.cpp">
      <Filter>Source</Filter>
    </ClCompile>
  </ItemGroup>
  <ItemGroup>
    <ClInclude Include="pch.h" />
    <ClInclude Include="include\Application.h">
      <Filter>Include</Filter>
    </ClInclude>
    <ClInclude Include="include\BoundBox.h">
      <Filter>Include</Filter>
    </ClInclude>
    <ClInclude Include="include\BoxCollider.h">
      <Filter>Include</Filter>
    </ClInclude>
    <ClInclude Include="include\Camera.h">
      <Filter>Include</Filter>
    </ClInclude>
    <ClInclude Include="include\Collider.h">
      <Filter>Include</Filter>
    </ClInclude>
    <ClInclude Include="include\Collision.h">
      <Filter>Include</Filter>
    </ClInclude>
    <ClInclude Include="include\CollisionControl.h">
      <Filter>Include</Filter>
    </ClInclude>
    <ClInclude Include="include\Component.h">
      <Filter>Include</Filter>
    </ClInclude>
    <ClInclude Include="include\DebugComponent.h">
      <Filter>Include</Filter>
    </ClInclude>
    <ClInclude Include="include\GameObject.h">
      <Filter>Include</Filter>
    </ClInclude>
    <ClInclude Include="include\Input.h">
      <Filter>Include</Filter>
    </ClInclude>
    <ClInclude Include="include\KeyCode.h">
      <Filter>Include</Filter>
    </ClInclude>
    <ClInclude Include="include\Light.h">
      <Filter>Include</Filter>
    </ClInclude>
    <ClInclude Include="include\mathutil.h">
      <Filter>Include</Filter>
    </ClInclude>
    <ClInclude Include="include\Mesh.h">
      <Filter>Include</Filter>
    </ClInclude>
    <ClInclude Include="include\MeshCollider.h">
      <Filter>Include</Filter>
    </ClInclude>
    <ClInclude Include="include\MeshLoader.h">
      <Filter>Include</Filter>
    </ClInclude>
    <ClInclude Include="include\MeshRenderer.h">
      <Filter>Include</Filter>
    </ClInclude>
    <ClInclude Include="include\Object.h">
      <Filter>Include</Filter>
    </ClInclude>
    <ClInclude Include="include\Program.h">
      <Filter>Include</Filter>
    </ClInclude>
    <ClInclude Include="include\Renderer.h">
      <Filter>Include</Filter>
    </ClInclude>
    <ClInclude Include="include\Resource.h">
      <Filter>Include</Filter>
    </ClInclude>
    <ClInclude Include="include\RigidBody.h">
      <Filter>Include</Filter>
    </ClInclude>
    <ClInclude Include="include\SnookerCam.h">
      <Filter>Include</Filter>
    </ClInclude>
    <ClInclude Include="include\SphereCollider.h">
      <Filter>Include</Filter>
    </ClInclude>
    <ClInclude Include="include\TableConstrainer.h">
      <Filter>Include</Filter>
    </ClInclude>
    <ClInclude Include="include\Transform.h">
      <Filter>Include</Filter>
    </ClInclude>
  </ItemGroup>
</Project>